// !$*UTF8*$!
{
	archiveVersion = 1;
	classes = {
	};
	objectVersion = 46;
	objects = {

/* Begin PBXBuildFile section */
		18048EA217B871EE004F1D33 /* GW2Function.h in Headers */ = {isa = PBXBuildFile; fileRef = 18048E9B17B871ED004F1D33 /* GW2Function.h */; settings = {ATTRIBUTES = (Private, ); }; };
		18048EA317B871EE004F1D33 /* GW2ItemID.h in Headers */ = {isa = PBXBuildFile; fileRef = 18048E9C17B871ED004F1D33 /* GW2ItemID.h */; settings = {ATTRIBUTES = (Private, ); }; };
		18048EA417B871EE004F1D33 /* GW2ItemID.m in Sources */ = {isa = PBXBuildFile; fileRef = 18048E9D17B871ED004F1D33 /* GW2ItemID.m */; };
		18048EA517B871EE004F1D33 /* GW2RecipeID.h in Headers */ = {isa = PBXBuildFile; fileRef = 18048E9E17B871ED004F1D33 /* GW2RecipeID.h */; settings = {ATTRIBUTES = (Private, ); }; };
		18048EA617B871EE004F1D33 /* GW2RecipeID.m in Sources */ = {isa = PBXBuildFile; fileRef = 18048E9F17B871ED004F1D33 /* GW2RecipeID.m */; };
		18048EA717B871EE004F1D33 /* NSString+GW2_ID.h in Headers */ = {isa = PBXBuildFile; fileRef = 18048EA017B871ED004F1D33 /* NSString+GW2_ID.h */; settings = {ATTRIBUTES = (Private, ); }; };
		18048EA817B871EE004F1D33 /* NSString+GW2_ID.m in Sources */ = {isa = PBXBuildFile; fileRef = 18048EA117B871EE004F1D33 /* NSString+GW2_ID.m */; };
		18048EAB17B87201004F1D33 /* GW2MapFloor.h in Headers */ = {isa = PBXBuildFile; fileRef = 18048EA917B87201004F1D33 /* GW2MapFloor.h */; settings = {ATTRIBUTES = (Public, ); }; };
		18048EAC17B87201004F1D33 /* GW2MapFloor.m in Sources */ = {isa = PBXBuildFile; fileRef = 18048EAA17B87201004F1D33 /* GW2MapFloor.m */; };
		18048EAF17B8721F004F1D33 /* NSCoder+IOS_Wrapper.h in Headers */ = {isa = PBXBuildFile; fileRef = 18048EAD17B8721F004F1D33 /* NSCoder+IOS_Wrapper.h */; settings = {ATTRIBUTES = (Private, ); }; };
		18048EB017B8721F004F1D33 /* NSCoder+IOS_Wrapper.m in Sources */ = {isa = PBXBuildFile; fileRef = 18048EAE17B8721F004F1D33 /* NSCoder+IOS_Wrapper.m */; };
		180BBC4D17BBA64B0013632C /* AutoCoding.h in Headers */ = {isa = PBXBuildFile; fileRef = 180BBC4B17BBA64B0013632C /* AutoCoding.h */; settings = {ATTRIBUTES = (Private, ); }; };
		180BBC4E17BBA64B0013632C /* AutoCoding.m in Sources */ = {isa = PBXBuildFile; fileRef = 180BBC4C17BBA64B0013632C /* AutoCoding.m */; };
		180BBC5817BBB9FF0013632C /* GW2Guild.h in Headers */ = {isa = PBXBuildFile; fileRef = 180BBC5617BBB9FF0013632C /* GW2Guild.h */; settings = {ATTRIBUTES = (Public, ); }; };
		180BBC5917BBB9FF0013632C /* GW2Guild.m in Sources */ = {isa = PBXBuildFile; fileRef = 180BBC5717BBB9FF0013632C /* GW2Guild.m */; };
		1820E1B217BD5DC60029F6CA /* GW2Dye.h in Headers */ = {isa = PBXBuildFile; fileRef = 1820E1B017BD5DC60029F6CA /* GW2Dye.h */; settings = {ATTRIBUTES = (Public, ); }; };
		1820E1B317BD5DC60029F6CA /* GW2Dye.m in Sources */ = {isa = PBXBuildFile; fileRef = 1820E1B117BD5DC60029F6CA /* GW2Dye.m */; };
		185BF4BF17B5698A0031201B /* Cocoa.framework in Frameworks */ = {isa = PBXBuildFile; fileRef = 185BF4A417B5691C0031201B /* Cocoa.framework */; };
		185BF4C917B5698A0031201B /* GW2API.m in Sources */ = {isa = PBXBuildFile; fileRef = 185BF4C817B5698A0031201B /* GW2API.m */; };
		185BF4D417B56D450031201B /* GW2.h in Headers */ = {isa = PBXBuildFile; fileRef = 185BF4CE17B56D450031201B /* GW2.h */; settings = {ATTRIBUTES = (Public, ); }; };
		185BF4D517B56D450031201B /* GW2.m in Sources */ = {isa = PBXBuildFile; fileRef = 185BF4CF17B56D450031201B /* GW2.m */; };
		185BF4D617B56D450031201B /* GW2Cache.h in Headers */ = {isa = PBXBuildFile; fileRef = 185BF4D017B56D450031201B /* GW2Cache.h */; settings = {ATTRIBUTES = (Public, ); }; };
		185BF4D717B56D450031201B /* GW2Cache.m in Sources */ = {isa = PBXBuildFile; fileRef = 185BF4D117B56D450031201B /* GW2Cache.m */; };
		185BF4D817B56D450031201B /* GW2Timer.h in Headers */ = {isa = PBXBuildFile; fileRef = 185BF4D217B56D450031201B /* GW2Timer.h */; settings = {ATTRIBUTES = (Public, ); }; };
		185BF4D917B56D450031201B /* GW2Timer.m in Sources */ = {isa = PBXBuildFile; fileRef = 185BF4D317B56D450031201B /* GW2Timer.m */; };
		185BF4DE17B56D5E0031201B /* GW2Enums.h in Headers */ = {isa = PBXBuildFile; fileRef = 185BF4DB17B56D5E0031201B /* GW2Enums.h */; settings = {ATTRIBUTES = (Public, ); }; };
		185BF4DF17B56D5E0031201B /* GW2Model.h in Headers */ = {isa = PBXBuildFile; fileRef = 185BF4DC17B56D5E0031201B /* GW2Model.h */; settings = {ATTRIBUTES = (Public, ); }; };
		185BF4E017B56D5E0031201B /* GW2Protocols.h in Headers */ = {isa = PBXBuildFile; fileRef = 185BF4DD17B56D5E0031201B /* GW2Protocols.h */; settings = {ATTRIBUTES = (Public, ); }; };
		185BF4E617B56DA30031201B /* GW2Protected.h in Headers */ = {isa = PBXBuildFile; fileRef = 185BF4E417B56DA30031201B /* GW2Protected.h */; settings = {ATTRIBUTES = (Private, ); }; };
		185BF4EB17B56DAC0031201B /* GW2APICache.h in Headers */ = {isa = PBXBuildFile; fileRef = 185BF4E817B56DAC0031201B /* GW2APICache.h */; settings = {ATTRIBUTES = (Public, ); }; };
		185BF4EC17B56DAC0031201B /* GW2Caching.h in Headers */ = {isa = PBXBuildFile; fileRef = 185BF4E917B56DAC0031201B /* GW2Caching.h */; settings = {ATTRIBUTES = (Public, ); }; };
		185BF4ED17B56DAC0031201B /* GW2Fetching.h in Headers */ = {isa = PBXBuildFile; fileRef = 185BF4EA17B56DAC0031201B /* GW2Fetching.h */; settings = {ATTRIBUTES = (Public, ); }; };
		185BF50A17B56DC90031201B /* GW2Array.h in Headers */ = {isa = PBXBuildFile; fileRef = 185BF4EE17B56DC90031201B /* GW2Array.h */; settings = {ATTRIBUTES = (Public, ); }; };
		185BF50B17B56DC90031201B /* GW2Array.m in Sources */ = {isa = PBXBuildFile; fileRef = 185BF4EF17B56DC90031201B /* GW2Array.m */; };
		185BF50C17B56DC90031201B /* GW2Object.h in Headers */ = {isa = PBXBuildFile; fileRef = 185BF4F017B56DC90031201B /* GW2Object.h */; settings = {ATTRIBUTES = (Public, ); }; };
		185BF50D17B56DC90031201B /* GW2Object.m in Sources */ = {isa = PBXBuildFile; fileRef = 185BF4F117B56DC90031201B /* GW2Object.m */; };
		185BF51017B56DC90031201B /* GW2Continent.h in Headers */ = {isa = PBXBuildFile; fileRef = 185BF4F417B56DC90031201B /* GW2Continent.h */; settings = {ATTRIBUTES = (Public, ); }; };
		185BF51117B56DC90031201B /* GW2Continent.m in Sources */ = {isa = PBXBuildFile; fileRef = 185BF4F517B56DC90031201B /* GW2Continent.m */; };
		185BF51217B56DC90031201B /* GW2Map.h in Headers */ = {isa = PBXBuildFile; fileRef = 185BF4F617B56DC90031201B /* GW2Map.h */; settings = {ATTRIBUTES = (Public, ); }; };
		185BF51317B56DC90031201B /* GW2Map.m in Sources */ = {isa = PBXBuildFile; fileRef = 185BF4F717B56DC90031201B /* GW2Map.m */; };
		185BF51417B56DC90031201B /* GW2Item.h in Headers */ = {isa = PBXBuildFile; fileRef = 185BF4F817B56DC90031201B /* GW2Item.h */; settings = {ATTRIBUTES = (Public, ); }; };
		185BF51517B56DC90031201B /* GW2Item.m in Sources */ = {isa = PBXBuildFile; fileRef = 185BF4F917B56DC90031201B /* GW2Item.m */; };
		185BF51617B56DC90031201B /* GW2Recipe.h in Headers */ = {isa = PBXBuildFile; fileRef = 185BF4FA17B56DC90031201B /* GW2Recipe.h */; settings = {ATTRIBUTES = (Public, ); }; };
		185BF51717B56DC90031201B /* GW2Recipe.m in Sources */ = {isa = PBXBuildFile; fileRef = 185BF4FB17B56DC90031201B /* GW2Recipe.m */; };
		185BF51817B56DC90031201B /* GW2Event.h in Headers */ = {isa = PBXBuildFile; fileRef = 185BF4FC17B56DC90031201B /* GW2Event.h */; settings = {ATTRIBUTES = (Public, ); }; };
		185BF51917B56DC90031201B /* GW2Event.m in Sources */ = {isa = PBXBuildFile; fileRef = 185BF4FD17B56DC90031201B /* GW2Event.m */; };
		185BF51A17B56DC90031201B /* GW2EventState.h in Headers */ = {isa = PBXBuildFile; fileRef = 185BF4FE17B56DC90031201B /* GW2EventState.h */; settings = {ATTRIBUTES = (Public, ); }; };
		185BF51B17B56DC90031201B /* GW2EventState.m in Sources */ = {isa = PBXBuildFile; fileRef = 185BF4FF17B56DC90031201B /* GW2EventState.m */; };
		185BF51C17B56DC90031201B /* GW2Zone.h in Headers */ = {isa = PBXBuildFile; fileRef = 185BF50017B56DC90031201B /* GW2Zone.h */; settings = {ATTRIBUTES = (Public, ); }; };
		185BF51D17B56DC90031201B /* GW2Zone.m in Sources */ = {isa = PBXBuildFile; fileRef = 185BF50117B56DC90031201B /* GW2Zone.m */; };
		185BF51E17B56DC90031201B /* GW2World.h in Headers */ = {isa = PBXBuildFile; fileRef = 185BF50217B56DC90031201B /* GW2World.h */; settings = {ATTRIBUTES = (Public, ); }; };
		185BF51F17B56DC90031201B /* GW2World.m in Sources */ = {isa = PBXBuildFile; fileRef = 185BF50317B56DC90031201B /* GW2World.m */; };
		185BF52017B56DC90031201B /* GW2Match.h in Headers */ = {isa = PBXBuildFile; fileRef = 185BF50417B56DC90031201B /* GW2Match.h */; settings = {ATTRIBUTES = (Public, ); }; };
		185BF52117B56DC90031201B /* GW2Match.m in Sources */ = {isa = PBXBuildFile; fileRef = 185BF50517B56DC90031201B /* GW2Match.m */; };
		185BF52217B56DC90031201B /* GW2MatchDetails.h in Headers */ = {isa = PBXBuildFile; fileRef = 185BF50617B56DC90031201B /* GW2MatchDetails.h */; settings = {ATTRIBUTES = (Public, ); }; };
		185BF52317B56DC90031201B /* GW2MatchDetails.m in Sources */ = {isa = PBXBuildFile; fileRef = 185BF50717B56DC90031201B /* GW2MatchDetails.m */; };
		185BF52417B56DC90031201B /* GW2Objective.h in Headers */ = {isa = PBXBuildFile; fileRef = 185BF50817B56DC90031201B /* GW2Objective.h */; settings = {ATTRIBUTES = (Public, ); }; };
		185BF52517B56DC90031201B /* GW2Objective.m in Sources */ = {isa = PBXBuildFile; fileRef = 185BF50917B56DC90031201B /* GW2Objective.m */; };
		185BF56017B56F170031201B /* GW2API.h in Headers */ = {isa = PBXBuildFile; fileRef = 185BF4C717B5698A0031201B /* GW2API.h */; settings = {ATTRIBUTES = (Public, ); }; };
/* End PBXBuildFile section */

/* Begin PBXFileReference section */
		18048E9B17B871ED004F1D33 /* GW2Function.h */ = {isa = PBXFileReference; fileEncoding = 4; lastKnownFileType = sourcecode.c.h; path = GW2Function.h; sourceTree = "<group>"; };
		18048E9C17B871ED004F1D33 /* GW2ItemID.h */ = {isa = PBXFileReference; fileEncoding = 4; lastKnownFileType = sourcecode.c.h; path = GW2ItemID.h; sourceTree = "<group>"; };
		18048E9D17B871ED004F1D33 /* GW2ItemID.m */ = {isa = PBXFileReference; fileEncoding = 4; lastKnownFileType = sourcecode.c.objc; path = GW2ItemID.m; sourceTree = "<group>"; };
		18048E9E17B871ED004F1D33 /* GW2RecipeID.h */ = {isa = PBXFileReference; fileEncoding = 4; lastKnownFileType = sourcecode.c.h; path = GW2RecipeID.h; sourceTree = "<group>"; };
		18048E9F17B871ED004F1D33 /* GW2RecipeID.m */ = {isa = PBXFileReference; fileEncoding = 4; lastKnownFileType = sourcecode.c.objc; path = GW2RecipeID.m; sourceTree = "<group>"; };
		18048EA017B871ED004F1D33 /* NSString+GW2_ID.h */ = {isa = PBXFileReference; fileEncoding = 4; lastKnownFileType = sourcecode.c.h; path = "NSString+GW2_ID.h"; sourceTree = "<group>"; };
		18048EA117B871EE004F1D33 /* NSString+GW2_ID.m */ = {isa = PBXFileReference; fileEncoding = 4; lastKnownFileType = sourcecode.c.objc; path = "NSString+GW2_ID.m"; sourceTree = "<group>"; };
		18048EA917B87201004F1D33 /* GW2MapFloor.h */ = {isa = PBXFileReference; fileEncoding = 4; lastKnownFileType = sourcecode.c.h; path = GW2MapFloor.h; sourceTree = "<group>"; };
		18048EAA17B87201004F1D33 /* GW2MapFloor.m */ = {isa = PBXFileReference; fileEncoding = 4; lastKnownFileType = sourcecode.c.objc; path = GW2MapFloor.m; sourceTree = "<group>"; };
		18048EAD17B8721F004F1D33 /* NSCoder+IOS_Wrapper.h */ = {isa = PBXFileReference; fileEncoding = 4; lastKnownFileType = sourcecode.c.h; path = "NSCoder+IOS_Wrapper.h"; sourceTree = "<group>"; };
		18048EAE17B8721F004F1D33 /* NSCoder+IOS_Wrapper.m */ = {isa = PBXFileReference; fileEncoding = 4; lastKnownFileType = sourcecode.c.objc; path = "NSCoder+IOS_Wrapper.m"; sourceTree = "<group>"; };
		180BBC4B17BBA64B0013632C /* AutoCoding.h */ = {isa = PBXFileReference; fileEncoding = 4; lastKnownFileType = sourcecode.c.h; path = AutoCoding.h; sourceTree = "<group>"; };
		180BBC4C17BBA64B0013632C /* AutoCoding.m */ = {isa = PBXFileReference; fileEncoding = 4; lastKnownFileType = sourcecode.c.objc; path = AutoCoding.m; sourceTree = "<group>"; };
		180BBC5617BBB9FF0013632C /* GW2Guild.h */ = {isa = PBXFileReference; fileEncoding = 4; lastKnownFileType = sourcecode.c.h; path = GW2Guild.h; sourceTree = "<group>"; };
		180BBC5717BBB9FF0013632C /* GW2Guild.m */ = {isa = PBXFileReference; fileEncoding = 4; lastKnownFileType = sourcecode.c.objc; path = GW2Guild.m; sourceTree = "<group>"; };
		1820E1B017BD5DC60029F6CA /* GW2Dye.h */ = {isa = PBXFileReference; fileEncoding = 4; lastKnownFileType = sourcecode.c.h; path = GW2Dye.h; sourceTree = "<group>"; };
		1820E1B117BD5DC60029F6CA /* GW2Dye.m */ = {isa = PBXFileReference; fileEncoding = 4; lastKnownFileType = sourcecode.c.objc; path = GW2Dye.m; sourceTree = "<group>"; };
		185BF4A417B5691C0031201B /* Cocoa.framework */ = {isa = PBXFileReference; lastKnownFileType = wrapper.framework; name = Cocoa.framework; path = System/Library/Frameworks/Cocoa.framework; sourceTree = SDKROOT; };
		185BF4A717B5691C0031201B /* AppKit.framework */ = {isa = PBXFileReference; lastKnownFileType = wrapper.framework; name = AppKit.framework; path = System/Library/Frameworks/AppKit.framework; sourceTree = SDKROOT; };
		185BF4A817B5691C0031201B /* CoreData.framework */ = {isa = PBXFileReference; lastKnownFileType = wrapper.framework; name = CoreData.framework; path = System/Library/Frameworks/CoreData.framework; sourceTree = SDKROOT; };
		185BF4A917B5691C0031201B /* Foundation.framework */ = {isa = PBXFileReference; lastKnownFileType = wrapper.framework; name = Foundation.framework; path = System/Library/Frameworks/Foundation.framework; sourceTree = SDKROOT; };
		185BF4BE17B5698A0031201B /* GW2.framework */ = {isa = PBXFileReference; explicitFileType = wrapper.framework; includeInIndex = 0; path = GW2.framework; sourceTree = BUILT_PRODUCTS_DIR; };
		185BF4C617B5698A0031201B /* GW2API-Prefix.pch */ = {isa = PBXFileReference; lastKnownFileType = sourcecode.c.h; path = "GW2API-Prefix.pch"; sourceTree = "<group>"; };
		185BF4C717B5698A0031201B /* GW2API.h */ = {isa = PBXFileReference; lastKnownFileType = sourcecode.c.h; path = GW2API.h; sourceTree = "<group>"; };
		185BF4C817B5698A0031201B /* GW2API.m */ = {isa = PBXFileReference; lastKnownFileType = sourcecode.c.objc; path = GW2API.m; sourceTree = "<group>"; };
		185BF4CE17B56D450031201B /* GW2.h */ = {isa = PBXFileReference; fileEncoding = 4; lastKnownFileType = sourcecode.c.h; path = GW2.h; sourceTree = "<group>"; };
		185BF4CF17B56D450031201B /* GW2.m */ = {isa = PBXFileReference; fileEncoding = 4; lastKnownFileType = sourcecode.c.objc; path = GW2.m; sourceTree = "<group>"; };
		185BF4D017B56D450031201B /* GW2Cache.h */ = {isa = PBXFileReference; fileEncoding = 4; lastKnownFileType = sourcecode.c.h; path = GW2Cache.h; sourceTree = "<group>"; };
		185BF4D117B56D450031201B /* GW2Cache.m */ = {isa = PBXFileReference; fileEncoding = 4; lastKnownFileType = sourcecode.c.objc; path = GW2Cache.m; sourceTree = "<group>"; };
		185BF4D217B56D450031201B /* GW2Timer.h */ = {isa = PBXFileReference; fileEncoding = 4; lastKnownFileType = sourcecode.c.h; path = GW2Timer.h; sourceTree = "<group>"; };
		185BF4D317B56D450031201B /* GW2Timer.m */ = {isa = PBXFileReference; fileEncoding = 4; lastKnownFileType = sourcecode.c.objc; path = GW2Timer.m; sourceTree = "<group>"; };
		185BF4DB17B56D5E0031201B /* GW2Enums.h */ = {isa = PBXFileReference; fileEncoding = 4; lastKnownFileType = sourcecode.c.h; path = GW2Enums.h; sourceTree = "<group>"; };
		185BF4DC17B56D5E0031201B /* GW2Model.h */ = {isa = PBXFileReference; fileEncoding = 4; lastKnownFileType = sourcecode.c.h; path = GW2Model.h; sourceTree = "<group>"; };
		185BF4DD17B56D5E0031201B /* GW2Protocols.h */ = {isa = PBXFileReference; fileEncoding = 4; lastKnownFileType = sourcecode.c.h; path = GW2Protocols.h; sourceTree = "<group>"; };
		185BF4E417B56DA30031201B /* GW2Protected.h */ = {isa = PBXFileReference; fileEncoding = 4; lastKnownFileType = sourcecode.c.h; path = GW2Protected.h; sourceTree = "<group>"; };
		185BF4E817B56DAC0031201B /* GW2APICache.h */ = {isa = PBXFileReference; fileEncoding = 4; lastKnownFileType = sourcecode.c.h; path = GW2APICache.h; sourceTree = "<group>"; };
		185BF4E917B56DAC0031201B /* GW2Caching.h */ = {isa = PBXFileReference; fileEncoding = 4; lastKnownFileType = sourcecode.c.h; path = GW2Caching.h; sourceTree = "<group>"; };
		185BF4EA17B56DAC0031201B /* GW2Fetching.h */ = {isa = PBXFileReference; fileEncoding = 4; lastKnownFileType = sourcecode.c.h; path = GW2Fetching.h; sourceTree = "<group>"; };
		185BF4EE17B56DC90031201B /* GW2Array.h */ = {isa = PBXFileReference; fileEncoding = 4; lastKnownFileType = sourcecode.c.h; path = GW2Array.h; sourceTree = "<group>"; };
		185BF4EF17B56DC90031201B /* GW2Array.m */ = {isa = PBXFileReference; fileEncoding = 4; lastKnownFileType = sourcecode.c.objc; path = GW2Array.m; sourceTree = "<group>"; };
		185BF4F017B56DC90031201B /* GW2Object.h */ = {isa = PBXFileReference; fileEncoding = 4; lastKnownFileType = sourcecode.c.h; path = GW2Object.h; sourceTree = "<group>"; };
		185BF4F117B56DC90031201B /* GW2Object.m */ = {isa = PBXFileReference; fileEncoding = 4; lastKnownFileType = sourcecode.c.objc; path = GW2Object.m; sourceTree = "<group>"; };
		185BF4F417B56DC90031201B /* GW2Continent.h */ = {isa = PBXFileReference; fileEncoding = 4; lastKnownFileType = sourcecode.c.h; path = GW2Continent.h; sourceTree = "<group>"; };
		185BF4F517B56DC90031201B /* GW2Continent.m */ = {isa = PBXFileReference; fileEncoding = 4; lastKnownFileType = sourcecode.c.objc; path = GW2Continent.m; sourceTree = "<group>"; };
		185BF4F617B56DC90031201B /* GW2Map.h */ = {isa = PBXFileReference; fileEncoding = 4; lastKnownFileType = sourcecode.c.h; path = GW2Map.h; sourceTree = "<group>"; };
		185BF4F717B56DC90031201B /* GW2Map.m */ = {isa = PBXFileReference; fileEncoding = 4; lastKnownFileType = sourcecode.c.objc; path = GW2Map.m; sourceTree = "<group>"; };
		185BF4F817B56DC90031201B /* GW2Item.h */ = {isa = PBXFileReference; fileEncoding = 4; lastKnownFileType = sourcecode.c.h; path = GW2Item.h; sourceTree = "<group>"; };
		185BF4F917B56DC90031201B /* GW2Item.m */ = {isa = PBXFileReference; fileEncoding = 4; lastKnownFileType = sourcecode.c.objc; path = GW2Item.m; sourceTree = "<group>"; };
		185BF4FA17B56DC90031201B /* GW2Recipe.h */ = {isa = PBXFileReference; fileEncoding = 4; lastKnownFileType = sourcecode.c.h; path = GW2Recipe.h; sourceTree = "<group>"; };
		185BF4FB17B56DC90031201B /* GW2Recipe.m */ = {isa = PBXFileReference; fileEncoding = 4; lastKnownFileType = sourcecode.c.objc; path = GW2Recipe.m; sourceTree = "<group>"; };
		185BF4FC17B56DC90031201B /* GW2Event.h */ = {isa = PBXFileReference; fileEncoding = 4; lastKnownFileType = sourcecode.c.h; path = GW2Event.h; sourceTree = "<group>"; };
		185BF4FD17B56DC90031201B /* GW2Event.m */ = {isa = PBXFileReference; fileEncoding = 4; lastKnownFileType = sourcecode.c.objc; path = GW2Event.m; sourceTree = "<group>"; };
		185BF4FE17B56DC90031201B /* GW2EventState.h */ = {isa = PBXFileReference; fileEncoding = 4; lastKnownFileType = sourcecode.c.h; path = GW2EventState.h; sourceTree = "<group>"; };
		185BF4FF17B56DC90031201B /* GW2EventState.m */ = {isa = PBXFileReference; fileEncoding = 4; lastKnownFileType = sourcecode.c.objc; path = GW2EventState.m; sourceTree = "<group>"; };
		185BF50017B56DC90031201B /* GW2Zone.h */ = {isa = PBXFileReference; fileEncoding = 4; lastKnownFileType = sourcecode.c.h; path = GW2Zone.h; sourceTree = "<group>"; };
		185BF50117B56DC90031201B /* GW2Zone.m */ = {isa = PBXFileReference; fileEncoding = 4; lastKnownFileType = sourcecode.c.objc; path = GW2Zone.m; sourceTree = "<group>"; };
		185BF50217B56DC90031201B /* GW2World.h */ = {isa = PBXFileReference; fileEncoding = 4; lastKnownFileType = sourcecode.c.h; path = GW2World.h; sourceTree = "<group>"; };
		185BF50317B56DC90031201B /* GW2World.m */ = {isa = PBXFileReference; fileEncoding = 4; lastKnownFileType = sourcecode.c.objc; path = GW2World.m; sourceTree = "<group>"; };
		185BF50417B56DC90031201B /* GW2Match.h */ = {isa = PBXFileReference; fileEncoding = 4; lastKnownFileType = sourcecode.c.h; path = GW2Match.h; sourceTree = "<group>"; };
		185BF50517B56DC90031201B /* GW2Match.m */ = {isa = PBXFileReference; fileEncoding = 4; lastKnownFileType = sourcecode.c.objc; path = GW2Match.m; sourceTree = "<group>"; };
		185BF50617B56DC90031201B /* GW2MatchDetails.h */ = {isa = PBXFileReference; fileEncoding = 4; lastKnownFileType = sourcecode.c.h; path = GW2MatchDetails.h; sourceTree = "<group>"; };
		185BF50717B56DC90031201B /* GW2MatchDetails.m */ = {isa = PBXFileReference; fileEncoding = 4; lastKnownFileType = sourcecode.c.objc; path = GW2MatchDetails.m; sourceTree = "<group>"; };
		185BF50817B56DC90031201B /* GW2Objective.h */ = {isa = PBXFileReference; fileEncoding = 4; lastKnownFileType = sourcecode.c.h; path = GW2Objective.h; sourceTree = "<group>"; };
		185BF50917B56DC90031201B /* GW2Objective.m */ = {isa = PBXFileReference; fileEncoding = 4; lastKnownFileType = sourcecode.c.objc; path = GW2Objective.m; sourceTree = "<group>"; };
/* End PBXFileReference section */

/* Begin PBXFrameworksBuildPhase section */
		185BF4BA17B5698A0031201B /* Frameworks */ = {
			isa = PBXFrameworksBuildPhase;
			buildActionMask = 2147483647;
			files = (
				185BF4BF17B5698A0031201B /* Cocoa.framework in Frameworks */,
			);
			runOnlyForDeploymentPostprocessing = 0;
		};
/* End PBXFrameworksBuildPhase section */

/* Begin PBXGroup section */
		180BBC4917BBA64B0013632C /* Vendor */ = {
			isa = PBXGroup;
			children = (
				180BBC4A17BBA64B0013632C /* AutoCoding */,
			);
			path = Vendor;
			sourceTree = SOURCE_ROOT;
		};
		180BBC4A17BBA64B0013632C /* AutoCoding */ = {
			isa = PBXGroup;
			children = (
				180BBC4B17BBA64B0013632C /* AutoCoding.h */,
				180BBC4C17BBA64B0013632C /* AutoCoding.m */,
			);
			path = AutoCoding;
			sourceTree = "<group>";
		};
		180BBC5517BBB9D00013632C /* Guilds */ = {
			isa = PBXGroup;
			children = (
				180BBC5617BBB9FF0013632C /* GW2Guild.h */,
				180BBC5717BBB9FF0013632C /* GW2Guild.m */,
			);
			name = Guilds;
			sourceTree = "<group>";
		};
		1820E1A917BD444F0029F6CA /* Miscellaneous */ = {
			isa = PBXGroup;
			children = (
				1820E1B017BD5DC60029F6CA /* GW2Dye.h */,
				1820E1B117BD5DC60029F6CA /* GW2Dye.m */,
			);
			name = Miscellaneous;
			sourceTree = "<group>";
		};
		185BF49717B5691C0031201B = {
			isa = PBXGroup;
			children = (
				185BF4C017B5698A0031201B /* GW2API */,
				185BF4A317B5691C0031201B /* Frameworks */,
				185BF4A217B5691C0031201B /* Products */,
			);
			sourceTree = "<group>";
		};
		185BF4A217B5691C0031201B /* Products */ = {
			isa = PBXGroup;
			children = (
				185BF4BE17B5698A0031201B /* GW2.framework */,
			);
			name = Products;
			sourceTree = "<group>";
		};
		185BF4A317B5691C0031201B /* Frameworks */ = {
			isa = PBXGroup;
			children = (
				185BF4A417B5691C0031201B /* Cocoa.framework */,
				185BF4A617B5691C0031201B /* Other Frameworks */,
			);
			name = Frameworks;
			sourceTree = "<group>";
		};
		185BF4A617B5691C0031201B /* Other Frameworks */ = {
			isa = PBXGroup;
			children = (
				185BF4A717B5691C0031201B /* AppKit.framework */,
				185BF4A817B5691C0031201B /* CoreData.framework */,
				185BF4A917B5691C0031201B /* Foundation.framework */,
			);
			name = "Other Frameworks";
			sourceTree = "<group>";
		};
		185BF4C017B5698A0031201B /* GW2API */ = {
			isa = PBXGroup;
			children = (
				185BF4CE17B56D450031201B /* GW2.h */,
				185BF4CF17B56D450031201B /* GW2.m */,
				185BF4C717B5698A0031201B /* GW2API.h */,
				185BF4C817B5698A0031201B /* GW2API.m */,
				185BF4D017B56D450031201B /* GW2Cache.h */,
				185BF4D117B56D450031201B /* GW2Cache.m */,
				185BF4D217B56D450031201B /* GW2Timer.h */,
				185BF4D317B56D450031201B /* GW2Timer.m */,
				185BF4DA17B56D540031201B /* Headers */,
				185BF4E117B56D7D0031201B /* Model */,
				185BF4E217B56D840031201B /* Protocols */,
				185BF4E317B56D8A0031201B /* Protected */,
				185BF4C117B5698A0031201B /* Supporting Files */,
			);
			path = GW2API;
			sourceTree = "<group>";
		};
		185BF4C117B5698A0031201B /* Supporting Files */ = {
			isa = PBXGroup;
			children = (
				185BF4C617B5698A0031201B /* GW2API-Prefix.pch */,
			);
			name = "Supporting Files";
			sourceTree = "<group>";
		};
		185BF4DA17B56D540031201B /* Headers */ = {
			isa = PBXGroup;
			children = (
				185BF4DB17B56D5E0031201B /* GW2Enums.h */,
				185BF4DC17B56D5E0031201B /* GW2Model.h */,
				185BF4DD17B56D5E0031201B /* GW2Protocols.h */,
			);
			name = Headers;
			sourceTree = "<group>";
		};
		185BF4E117B56D7D0031201B /* Model */ = {
			isa = PBXGroup;
			children = (
				185BF4EE17B56DC90031201B /* GW2Array.h */,
				185BF4EF17B56DC90031201B /* GW2Array.m */,
				185BF4F017B56DC90031201B /* GW2Object.h */,
				185BF4F117B56DC90031201B /* GW2Object.m */,
				185BF52617B56DD00031201B /* Map */,
				185BF52717B56DD90031201B /* Items and Recipes */,
				180BBC5517BBB9D00013632C /* Guilds */,
				185BF52817B56DEE0031201B /* Dynamic Events */,
				185BF52917B56DF60031201B /* WvW */,
				1820E1A917BD444F0029F6CA /* Miscellaneous */,
			);
			name = Model;
			sourceTree = "<group>";
		};
		185BF4E217B56D840031201B /* Protocols */ = {
			isa = PBXGroup;
			children = (
				185BF4E817B56DAC0031201B /* GW2APICache.h */,
				185BF4E917B56DAC0031201B /* GW2Caching.h */,
				185BF4EA17B56DAC0031201B /* GW2Fetching.h */,
			);
			name = Protocols;
			sourceTree = "<group>";
		};
		185BF4E317B56D8A0031201B /* Protected */ = {
			isa = PBXGroup;
			children = (
				185BF4E417B56DA30031201B /* GW2Protected.h */,
				18048E9B17B871ED004F1D33 /* GW2Function.h */,
				18048E9C17B871ED004F1D33 /* GW2ItemID.h */,
				18048E9D17B871ED004F1D33 /* GW2ItemID.m */,
				18048E9E17B871ED004F1D33 /* GW2RecipeID.h */,
				18048E9F17B871ED004F1D33 /* GW2RecipeID.m */,
				18048EA017B871ED004F1D33 /* NSString+GW2_ID.h */,
				18048EA117B871EE004F1D33 /* NSString+GW2_ID.m */,
				18048EAD17B8721F004F1D33 /* NSCoder+IOS_Wrapper.h */,
				18048EAE17B8721F004F1D33 /* NSCoder+IOS_Wrapper.m */,
				180BBC4917BBA64B0013632C /* Vendor */,
			);
			name = Protected;
			sourceTree = "<group>";
		};
		185BF52617B56DD00031201B /* Map */ = {
			isa = PBXGroup;
			children = (
				185BF4F417B56DC90031201B /* GW2Continent.h */,
				185BF4F517B56DC90031201B /* GW2Continent.m */,
				185BF4F617B56DC90031201B /* GW2Map.h */,
				185BF4F717B56DC90031201B /* GW2Map.m */,
				18048EA917B87201004F1D33 /* GW2MapFloor.h */,
				18048EAA17B87201004F1D33 /* GW2MapFloor.m */,
			);
			name = Map;
			sourceTree = "<group>";
		};
		185BF52717B56DD90031201B /* Items and Recipes */ = {
			isa = PBXGroup;
			children = (
				185BF4F817B56DC90031201B /* GW2Item.h */,
				185BF4F917B56DC90031201B /* GW2Item.m */,
				185BF4FA17B56DC90031201B /* GW2Recipe.h */,
				185BF4FB17B56DC90031201B /* GW2Recipe.m */,
			);
			name = "Items and Recipes";
			sourceTree = "<group>";
		};
		185BF52817B56DEE0031201B /* Dynamic Events */ = {
			isa = PBXGroup;
			children = (
				185BF4FC17B56DC90031201B /* GW2Event.h */,
				185BF4FD17B56DC90031201B /* GW2Event.m */,
				185BF4FE17B56DC90031201B /* GW2EventState.h */,
				185BF4FF17B56DC90031201B /* GW2EventState.m */,
				185BF50017B56DC90031201B /* GW2Zone.h */,
				185BF50117B56DC90031201B /* GW2Zone.m */,
				185BF50217B56DC90031201B /* GW2World.h */,
				185BF50317B56DC90031201B /* GW2World.m */,
			);
			name = "Dynamic Events";
			sourceTree = "<group>";
		};
		185BF52917B56DF60031201B /* WvW */ = {
			isa = PBXGroup;
			children = (
				185BF50417B56DC90031201B /* GW2Match.h */,
				185BF50517B56DC90031201B /* GW2Match.m */,
				185BF50617B56DC90031201B /* GW2MatchDetails.h */,
				185BF50717B56DC90031201B /* GW2MatchDetails.m */,
				185BF50817B56DC90031201B /* GW2Objective.h */,
				185BF50917B56DC90031201B /* GW2Objective.m */,
			);
			name = WvW;
			sourceTree = "<group>";
		};
/* End PBXGroup section */

/* Begin PBXHeadersBuildPhase section */
		185BF4BB17B5698A0031201B /* Headers */ = {
			isa = PBXHeadersBuildPhase;
			buildActionMask = 2147483647;
			files = (
				185BF4D417B56D450031201B /* GW2.h in Headers */,
				185BF56017B56F170031201B /* GW2API.h in Headers */,
				185BF4D617B56D450031201B /* GW2Cache.h in Headers */,
				185BF4D817B56D450031201B /* GW2Timer.h in Headers */,
				185BF4DE17B56D5E0031201B /* GW2Enums.h in Headers */,
				185BF4DF17B56D5E0031201B /* GW2Model.h in Headers */,
				185BF4E017B56D5E0031201B /* GW2Protocols.h in Headers */,
				185BF4EB17B56DAC0031201B /* GW2APICache.h in Headers */,
				185BF4EC17B56DAC0031201B /* GW2Caching.h in Headers */,
				185BF4ED17B56DAC0031201B /* GW2Fetching.h in Headers */,
				185BF50A17B56DC90031201B /* GW2Array.h in Headers */,
				185BF50C17B56DC90031201B /* GW2Object.h in Headers */,
				185BF51017B56DC90031201B /* GW2Continent.h in Headers */,
				185BF51217B56DC90031201B /* GW2Map.h in Headers */,
				18048EAB17B87201004F1D33 /* GW2MapFloor.h in Headers */,
				185BF51417B56DC90031201B /* GW2Item.h in Headers */,
				185BF51617B56DC90031201B /* GW2Recipe.h in Headers */,
				185BF51817B56DC90031201B /* GW2Event.h in Headers */,
				185BF51A17B56DC90031201B /* GW2EventState.h in Headers */,
				185BF51C17B56DC90031201B /* GW2Zone.h in Headers */,
				185BF51E17B56DC90031201B /* GW2World.h in Headers */,
				185BF52017B56DC90031201B /* GW2Match.h in Headers */,
				185BF52217B56DC90031201B /* GW2MatchDetails.h in Headers */,
				185BF52417B56DC90031201B /* GW2Objective.h in Headers */,
				1820E1B217BD5DC60029F6CA /* GW2Dye.h in Headers */,
				180BBC5817BBB9FF0013632C /* GW2Guild.h in Headers */,
				185BF4E617B56DA30031201B /* GW2Protected.h in Headers */,
				18048EA217B871EE004F1D33 /* GW2Function.h in Headers */,
				18048EA317B871EE004F1D33 /* GW2ItemID.h in Headers */,
				18048EA517B871EE004F1D33 /* GW2RecipeID.h in Headers */,
				18048EA717B871EE004F1D33 /* NSString+GW2_ID.h in Headers */,
				18048EAF17B8721F004F1D33 /* NSCoder+IOS_Wrapper.h in Headers */,
				180BBC4D17BBA64B0013632C /* AutoCoding.h in Headers */,
			);
			runOnlyForDeploymentPostprocessing = 0;
		};
/* End PBXHeadersBuildPhase section */

/* Begin PBXNativeTarget section */
		185BF4BD17B5698A0031201B /* GW2API */ = {
			isa = PBXNativeTarget;
			buildConfigurationList = 185BF4CC17B5698A0031201B /* Build configuration list for PBXNativeTarget "GW2API" */;
			buildPhases = (
				185BF4B917B5698A0031201B /* Sources */,
				185BF4BA17B5698A0031201B /* Frameworks */,
				185BF4BB17B5698A0031201B /* Headers */,
				185BF4BC17B5698A0031201B /* Resources */,
			);
			buildRules = (
			);
			dependencies = (
			);
			name = GW2API;
			productName = GW2API;
			productReference = 185BF4BE17B5698A0031201B /* GW2.framework */;
			productType = "com.apple.product-type.framework";
		};
/* End PBXNativeTarget section */

/* Begin PBXProject section */
		185BF49817B5691C0031201B /* Project object */ = {
			isa = PBXProject;
			attributes = {
				LastUpgradeCheck = 0500;
				ORGANIZATIONNAME = "Tommaso Madonia";
			};
			buildConfigurationList = 185BF49B17B5691C0031201B /* Build configuration list for PBXProject "GW2API-OSX" */;
			compatibilityVersion = "Xcode 3.2";
			developmentRegion = English;
			hasScannedForEncodings = 0;
			knownRegions = (
				en,
			);
			mainGroup = 185BF49717B5691C0031201B;
			productRefGroup = 185BF4A217B5691C0031201B /* Products */;
			projectDirPath = "";
			projectRoot = "";
			targets = (
				185BF4BD17B5698A0031201B /* GW2API */,
			);
		};
/* End PBXProject section */

/* Begin PBXResourcesBuildPhase section */
		185BF4BC17B5698A0031201B /* Resources */ = {
			isa = PBXResourcesBuildPhase;
			buildActionMask = 2147483647;
			files = (
			);
			runOnlyForDeploymentPostprocessing = 0;
		};
/* End PBXResourcesBuildPhase section */

/* Begin PBXSourcesBuildPhase section */
		185BF4B917B5698A0031201B /* Sources */ = {
			isa = PBXSourcesBuildPhase;
			buildActionMask = 2147483647;
			files = (
				185BF4C917B5698A0031201B /* GW2API.m in Sources */,
				185BF4D517B56D450031201B /* GW2.m in Sources */,
				185BF4D717B56D450031201B /* GW2Cache.m in Sources */,
				185BF4D917B56D450031201B /* GW2Timer.m in Sources */,
				185BF50B17B56DC90031201B /* GW2Array.m in Sources */,
				185BF50D17B56DC90031201B /* GW2Object.m in Sources */,
				185BF51117B56DC90031201B /* GW2Continent.m in Sources */,
				185BF51317B56DC90031201B /* GW2Map.m in Sources */,
				185BF51517B56DC90031201B /* GW2Item.m in Sources */,
				185BF51717B56DC90031201B /* GW2Recipe.m in Sources */,
				185BF51917B56DC90031201B /* GW2Event.m in Sources */,
				185BF51B17B56DC90031201B /* GW2EventState.m in Sources */,
				185BF51D17B56DC90031201B /* GW2Zone.m in Sources */,
				185BF51F17B56DC90031201B /* GW2World.m in Sources */,
				185BF52117B56DC90031201B /* GW2Match.m in Sources */,
				185BF52317B56DC90031201B /* GW2MatchDetails.m in Sources */,
				185BF52517B56DC90031201B /* GW2Objective.m in Sources */,
				18048EA417B871EE004F1D33 /* GW2ItemID.m in Sources */,
				18048EA617B871EE004F1D33 /* GW2RecipeID.m in Sources */,
				18048EA817B871EE004F1D33 /* NSString+GW2_ID.m in Sources */,
				18048EAC17B87201004F1D33 /* GW2MapFloor.m in Sources */,
				18048EB017B8721F004F1D33 /* NSCoder+IOS_Wrapper.m in Sources */,
				180BBC4E17BBA64B0013632C /* AutoCoding.m in Sources */,
				180BBC5917BBB9FF0013632C /* GW2Guild.m in Sources */,
				1820E1B317BD5DC60029F6CA /* GW2Dye.m in Sources */,
			);
			runOnlyForDeploymentPostprocessing = 0;
		};
/* End PBXSourcesBuildPhase section */

/* Begin XCBuildConfiguration section */
		185BF4B417B5691C0031201B /* Debug */ = {
			isa = XCBuildConfiguration;
			buildSettings = {
				ALWAYS_SEARCH_USER_PATHS = NO;
				CLANG_CXX_LANGUAGE_STANDARD = "gnu++0x";
				CLANG_CXX_LIBRARY = "libc++";
				CLANG_ENABLE_OBJC_ARC = YES;
				CLANG_WARN_CONSTANT_CONVERSION = YES;
				CLANG_WARN_EMPTY_BODY = YES;
				CLANG_WARN_ENUM_CONVERSION = YES;
				CLANG_WARN_INT_CONVERSION = YES;
				CLANG_WARN__DUPLICATE_METHOD_MATCH = YES;
				COPY_PHASE_STRIP = NO;
				GCC_C_LANGUAGE_STANDARD = gnu99;
				GCC_DYNAMIC_NO_PIC = NO;
				GCC_ENABLE_OBJC_EXCEPTIONS = YES;
				GCC_OPTIMIZATION_LEVEL = 0;
				GCC_PREPROCESSOR_DEFINITIONS = (
					"DEBUG=1",
					"$(inherited)",
				);
				GCC_SYMBOLS_PRIVATE_EXTERN = NO;
				GCC_WARN_64_TO_32_BIT_CONVERSION = YES;
				GCC_WARN_ABOUT_RETURN_TYPE = YES;
				GCC_WARN_UNINITIALIZED_AUTOS = YES;
				GCC_WARN_UNUSED_VARIABLE = YES;
				MACOSX_DEPLOYMENT_TARGET = 10.8;
				ONLY_ACTIVE_ARCH = YES;
				SDKROOT = macosx;
			};
			name = Debug;
		};
		185BF4B517B5691C0031201B /* Release */ = {
			isa = XCBuildConfiguration;
			buildSettings = {
				ALWAYS_SEARCH_USER_PATHS = NO;
				CLANG_CXX_LANGUAGE_STANDARD = "gnu++0x";
				CLANG_CXX_LIBRARY = "libc++";
				CLANG_ENABLE_OBJC_ARC = YES;
				CLANG_WARN_CONSTANT_CONVERSION = YES;
				CLANG_WARN_EMPTY_BODY = YES;
				CLANG_WARN_ENUM_CONVERSION = YES;
				CLANG_WARN_INT_CONVERSION = YES;
				CLANG_WARN__DUPLICATE_METHOD_MATCH = YES;
				COPY_PHASE_STRIP = YES;
				DEBUG_INFORMATION_FORMAT = "dwarf-with-dsym";
				GCC_C_LANGUAGE_STANDARD = gnu99;
				GCC_ENABLE_OBJC_EXCEPTIONS = YES;
				GCC_WARN_64_TO_32_BIT_CONVERSION = YES;
				GCC_WARN_ABOUT_RETURN_TYPE = YES;
				GCC_WARN_UNINITIALIZED_AUTOS = YES;
				GCC_WARN_UNUSED_VARIABLE = YES;
				MACOSX_DEPLOYMENT_TARGET = 10.8;
				SDKROOT = macosx;
			};
			name = Release;
		};
		185BF4CA17B5698A0031201B /* Debug */ = {
			isa = XCBuildConfiguration;
			buildSettings = {
				COMBINE_HIDPI_IMAGES = YES;
				DYLIB_COMPATIBILITY_VERSION = 1;
				DYLIB_CURRENT_VERSION = 1;
				FRAMEWORK_VERSION = A;
				GCC_PRECOMPILE_PREFIX_HEADER = YES;
				GCC_PREFIX_HEADER = "GW2API/GW2API-Prefix.pch";
				INFOPLIST_FILE = "";
				PRODUCT_NAME = GW2;
				WRAPPER_EXTENSION = framework;
			};
			name = Debug;
		};
		185BF4CB17B5698A0031201B /* Release */ = {
			isa = XCBuildConfiguration;
			buildSettings = {
				COMBINE_HIDPI_IMAGES = YES;
				DYLIB_COMPATIBILITY_VERSION = 1;
				DYLIB_CURRENT_VERSION = 1;
				FRAMEWORK_VERSION = A;
				GCC_PRECOMPILE_PREFIX_HEADER = YES;
				GCC_PREFIX_HEADER = "GW2API/GW2API-Prefix.pch";
				INFOPLIST_FILE = "";
				PRODUCT_NAME = GW2;
				WRAPPER_EXTENSION = framework;
			};
			name = Release;
		};
/* End XCBuildConfiguration section */

/* Begin XCConfigurationList section */
		185BF49B17B5691C0031201B /* Build configuration list for PBXProject "GW2API-OSX" */ = {
			isa = XCConfigurationList;
			buildConfigurations = (
				185BF4B417B5691C0031201B /* Debug */,
				185BF4B517B5691C0031201B /* Release */,
			);
			defaultConfigurationIsVisible = 0;
			defaultConfigurationName = Release;
		};
		185BF4CC17B5698A0031201B /* Build configuration list for PBXNativeTarget "GW2API" */ = {
			isa = XCConfigurationList;
			buildConfigurations = (
				185BF4CA17B5698A0031201B /* Debug */,
				185BF4CB17B5698A0031201B /* Release */,
			);
			defaultConfigurationIsVisible = 0;
			defaultConfigurationName = Release;
		};
/* End XCConfigurationList section */
	};
	rootObject = 185BF49817B5691C0031201B /* Project object */;
}
